
Microsoft Visual Studio Solution File, Format Version 12.00
# Visual Studio Version 16
VisualStudioVersion = 16.0.28917.182
MinimumVisualStudioVersion = 10.0.40219.1
Project("{9A19103F-16F7-4668-BE54-9A1E7A4F7556}") = "Szlem.Models", "src\Engine\Szlem.Models\Szlem.Models.csproj", "{8C954442-C868-4C3D-82D9-6B87437BDE7C}"
EndProject
Project("{9A19103F-16F7-4668-BE54-9A1E7A4F7556}") = "Szlem.Persistence.EF", "src\Szlem.Persistence.EF\Szlem.Persistence.EF.csproj", "{9234BAB1-6058-4E0B-89A8-CAEC64911A3B}"
EndProject
Project("{9A19103F-16F7-4668-BE54-9A1E7A4F7556}") = "Szlem.Persistence.EF.Tests", "test\Szlem.Persistence.EF.Tests\Szlem.Persistence.EF.Tests.csproj", "{570A6AE0-A3E8-4A4A-A164-45A37167B5B2}"
EndProject
Project("{9A19103F-16F7-4668-BE54-9A1E7A4F7556}") = "Szlem.Models.Tests", "test\Szlem.Models.Tests\Szlem.Models.Tests.csproj", "{B8016B52-A687-4177-A1F6-CDD243EE1DF6}"
EndProject
Project("{9A19103F-16F7-4668-BE54-9A1E7A4F7556}") = "Szlem.Engine", "src\Engine\Szlem.Engine\Szlem.Engine.csproj", "{3376E7FA-7C5E-484A-8532-E11306F85855}"
EndProject
Project("{9A19103F-16F7-4668-BE54-9A1E7A4F7556}") = "Szlem.DependencyInjection.AspNetCore", "src\Szlem.DependencyInjection.AspNetCore\Szlem.DependencyInjection.AspNetCore.csproj", "{D550EE12-1DBB-4686-A1B1-0FE97662FE8A}"
EndProject
Project("{2150E333-8FDC-42A3-9474-1A3956D46DE8}") = "src", "src", "{4C38D2E3-A457-47D0-A9F4-B15FCEA04A66}"
EndProject
Project("{2150E333-8FDC-42A3-9474-1A3956D46DE8}") = "test", "test", "{7101434B-F051-40AB-93EC-B7795C1DD1AB}"
EndProject
Project("{2150E333-8FDC-42A3-9474-1A3956D46DE8}") = "Engine", "Engine", "{E190D7FA-4B54-44EC-8E3B-E945711F1D23}"
EndProject
Project("{9A19103F-16F7-4668-BE54-9A1E7A4F7556}") = "MockDataGenerator", "src\Engine\MockDataGenerator\MockDataGenerator.csproj", "{2B0FC019-634F-4DED-A3B0-1E67DFC10CBA}"
EndProject
Project("{9A19103F-16F7-4668-BE54-9A1E7A4F7556}") = "Szlem.Persistence.NHibernate", "src\Szlem.Persistence.NHibernate\Szlem.Persistence.NHibernate.csproj", "{4B648623-E3CF-4448-824A-B9782F57C95C}"
EndProject
Project("{9A19103F-16F7-4668-BE54-9A1E7A4F7556}") = "Szlem.Domain.Tests", "test\Szlem.Domain.Tests\Szlem.Domain.Tests.csproj", "{7A2013BA-BDF4-4F47-A24D-D4D0A0E3B1B5}"
EndProject
Project("{9A19103F-16F7-4668-BE54-9A1E7A4F7556}") = "Szlem.Domain", "src\Szlem.Domain\Szlem.Domain.csproj", "{CE63CF2E-D58E-4150-9370-D774681B6557}"
EndProject
Project("{9A19103F-16F7-4668-BE54-9A1E7A4F7556}") = "Szlem.Engine.Tests", "test\Szlem.Engine.Tests\Szlem.Engine.Tests.csproj", "{74054B24-5F23-4C22-A200-7DA0188CD0FD}"
EndProject
Project("{2150E333-8FDC-42A3-9474-1A3956D46DE8}") = "AspNetCore", "AspNetCore", "{14B5441B-4C7D-431A-AAD6-7A612B1FEC09}"
EndProject
Project("{9A19103F-16F7-4668-BE54-9A1E7A4F7556}") = "Szlem.AspNetCore.Common", "src\AspNetCore\Szlem.AspNetCore.Common\Szlem.AspNetCore.Common.csproj", "{E6DF69D2-2747-4175-9DEA-88B2E690A850}"
EndProject
Project("{2150E333-8FDC-42A3-9474-1A3956D46DE8}") = "AspNetCore", "AspNetCore", "{732B52B4-E9AA-4CC7-8B74-20B456495230}"
EndProject
Project("{9A19103F-16F7-4668-BE54-9A1E7A4F7556}") = "Szlem.AspNetCore.WebApi.Tests", "test\AspNetCore\Szlem.AspNetCore.WebApi.Tests\Szlem.AspNetCore.WebApi.Tests.csproj", "{833A79FD-F7E0-4635-BE9E-25DF8D314542}"
EndProject
Project("{9A19103F-16F7-4668-BE54-9A1E7A4F7556}") = "Szlem.SharedKernel", "src\Engine\Szlem.SharedKernel\Szlem.SharedKernel.csproj", "{F4FCD97A-BF4A-4673-8C5E-55D1AEB9D702}"
EndProject
Project("{9A19103F-16F7-4668-BE54-9A1E7A4F7556}") = "Szlem.Recruitment", "src\Engine\Szlem.Recruitment\Szlem.Recruitment.csproj", "{3191F79E-275A-44B4-A18A-9421481FA132}"
EndProject
Project("{2150E333-8FDC-42A3-9474-1A3956D46DE8}") = "Impl", "Impl", "{DF7E2C8B-B67A-4744-9F58-3012254484F3}"
EndProject
Project("{2150E333-8FDC-42A3-9474-1A3956D46DE8}") = "Solution Items", "Solution Items", "{4F74BF44-7A8C-4B0A-A356-8B609778CF9A}"
	ProjectSection(SolutionItems) = preProject
		add-migration.ps1 = add-migration.ps1
		README.md = README.md
		remove-migration.ps1 = remove-migration.ps1
		update-database.ps1 = update-database.ps1
	EndProjectSection
EndProject
Project("{9A19103F-16F7-4668-BE54-9A1E7A4F7556}") = "Szlem.Recruitment.Impl", "src\Engine\Impl\Szlem.Recruitment.Impl\Szlem.Recruitment.Impl.csproj", "{BD9353FC-007A-40FC-A916-4B4F7C48C7BD}"
EndProject
Project("{2150E333-8FDC-42A3-9474-1A3956D46DE8}") = "Engine", "Engine", "{BEAA8326-3B1D-441A-A679-C7B39C634DA1}"
EndProject
Project("{9A19103F-16F7-4668-BE54-9A1E7A4F7556}") = "Szlem.Recruitment.Tests", "test\Engine\Szlem.Recruitment.Tests\Szlem.Recruitment.Tests.csproj", "{FD374862-38E7-45D6-AA73-1A6ECF6258B5}"
EndProject
Project("{9A19103F-16F7-4668-BE54-9A1E7A4F7556}") = "Szlem.Test.Helpers", "test\Szlem.Test.Helpers\Szlem.Test.Helpers.csproj", "{D5CFCE32-21D3-4F9B-8EB7-C34DEBD8362A}"
EndProject
Project("{2150E333-8FDC-42A3-9474-1A3956D46DE8}") = "config", "config", "{85F28A1D-275B-442F-9E96-8035653F4554}"
	ProjectSection(SolutionItems) = preProject
		config\appsettings.Development.json = config\appsettings.Development.json
		config\appsettings.json = config\appsettings.json
		config\nlog.config = config\nlog.config
	EndProjectSection
EndProject
Project("{2150E333-8FDC-42A3-9474-1A3956D46DE8}") = "data", "data", "{AA324B5E-35E9-42E6-99E5-84C0B7807892}"
EndProject
Project("{9A19103F-16F7-4668-BE54-9A1E7A4F7556}") = "Szlem.AspNetCore", "src\Szlem.AspNetCore\Szlem.AspNetCore.csproj", "{4BB3840E-6C37-4E76-A181-5001E8EED3D7}"
EndProject
Project("{9A19103F-16F7-4668-BE54-9A1E7A4F7556}") = "Szlem.SchoolManagement.Tests", "test\Engine\Szlem.SchoolManagement.Tests\Szlem.SchoolManagement.Tests.csproj", "{DD15F70D-1851-4854-B633-4CF2B188EFF1}"
EndProject
Project("{9A19103F-16F7-4668-BE54-9A1E7A4F7556}") = "Szlem.SharedKernel.Tests", "test\Szlem.SharedKernel.Tests\Szlem.SharedKernel.Tests.csproj", "{3669072D-5250-42CE-A6C4-D6B35EF09C03}"
EndProject
Project("{9A19103F-16F7-4668-BE54-9A1E7A4F7556}") = "Szlem.IntegrationTestsInfrastructure", "test\integration\Szlem.IntegrationTestsInfrastructure\Szlem.IntegrationTestsInfrastructure.csproj", "{32ACE116-9626-4FF2-BCED-546F69384387}"
EndProject
Project("{2150E333-8FDC-42A3-9474-1A3956D46DE8}") = "integration", "integration", "{45B9A13E-9825-4ADF-BA3A-D0CC4A8D7AFD}"
EndProject
Project("{2150E333-8FDC-42A3-9474-1A3956D46DE8}") = "SchoolManagement", "SchoolManagement", "{A92B664C-2989-4ADD-8FA5-B48843807AF5}"
EndProject
Project("{9A19103F-16F7-4668-BE54-9A1E7A4F7556}") = "Szlem.SchoolManagement", "src\SchoolManagement\Szlem.SchoolManagement\Szlem.SchoolManagement.csproj", "{5B5D0AEF-4A38-4C39-8604-819BB9FFBDDF}"
EndProject
Project("{9A19103F-16F7-4668-BE54-9A1E7A4F7556}") = "Szlem.SchoolManagement.Impl", "src\SchoolManagement\Szlem.SchoolManagement.Impl\Szlem.SchoolManagement.Impl.csproj", "{D46DA891-B982-41B3-974E-E8B068092872}"
EndProject
Global
	GlobalSection(SolutionConfigurationPlatforms) = preSolution
		Debug|Any CPU = Debug|Any CPU
		Release|Any CPU = Release|Any CPU
	EndGlobalSection
	GlobalSection(ProjectConfigurationPlatforms) = postSolution
		{8C954442-C868-4C3D-82D9-6B87437BDE7C}.Debug|Any CPU.ActiveCfg = Debug|Any CPU
		{8C954442-C868-4C3D-82D9-6B87437BDE7C}.Debug|Any CPU.Build.0 = Debug|Any CPU
		{8C954442-C868-4C3D-82D9-6B87437BDE7C}.Release|Any CPU.ActiveCfg = Release|Any CPU
		{8C954442-C868-4C3D-82D9-6B87437BDE7C}.Release|Any CPU.Build.0 = Release|Any CPU
		{9234BAB1-6058-4E0B-89A8-CAEC64911A3B}.Debug|Any CPU.ActiveCfg = Debug|Any CPU
		{9234BAB1-6058-4E0B-89A8-CAEC64911A3B}.Debug|Any CPU.Build.0 = Debug|Any CPU
		{9234BAB1-6058-4E0B-89A8-CAEC64911A3B}.Release|Any CPU.ActiveCfg = Release|Any CPU
		{9234BAB1-6058-4E0B-89A8-CAEC64911A3B}.Release|Any CPU.Build.0 = Release|Any CPU
		{570A6AE0-A3E8-4A4A-A164-45A37167B5B2}.Debug|Any CPU.ActiveCfg = Debug|Any CPU
		{570A6AE0-A3E8-4A4A-A164-45A37167B5B2}.Debug|Any CPU.Build.0 = Debug|Any CPU
		{570A6AE0-A3E8-4A4A-A164-45A37167B5B2}.Release|Any CPU.ActiveCfg = Release|Any CPU
		{570A6AE0-A3E8-4A4A-A164-45A37167B5B2}.Release|Any CPU.Build.0 = Release|Any CPU
		{B8016B52-A687-4177-A1F6-CDD243EE1DF6}.Debug|Any CPU.ActiveCfg = Debug|Any CPU
		{B8016B52-A687-4177-A1F6-CDD243EE1DF6}.Debug|Any CPU.Build.0 = Debug|Any CPU
		{B8016B52-A687-4177-A1F6-CDD243EE1DF6}.Release|Any CPU.ActiveCfg = Release|Any CPU
		{B8016B52-A687-4177-A1F6-CDD243EE1DF6}.Release|Any CPU.Build.0 = Release|Any CPU
		{3376E7FA-7C5E-484A-8532-E11306F85855}.Debug|Any CPU.ActiveCfg = Debug|Any CPU
		{3376E7FA-7C5E-484A-8532-E11306F85855}.Debug|Any CPU.Build.0 = Debug|Any CPU
		{3376E7FA-7C5E-484A-8532-E11306F85855}.Release|Any CPU.ActiveCfg = Release|Any CPU
		{3376E7FA-7C5E-484A-8532-E11306F85855}.Release|Any CPU.Build.0 = Release|Any CPU
		{D550EE12-1DBB-4686-A1B1-0FE97662FE8A}.Debug|Any CPU.ActiveCfg = Debug|Any CPU
		{D550EE12-1DBB-4686-A1B1-0FE97662FE8A}.Debug|Any CPU.Build.0 = Debug|Any CPU
		{D550EE12-1DBB-4686-A1B1-0FE97662FE8A}.Release|Any CPU.ActiveCfg = Release|Any CPU
		{D550EE12-1DBB-4686-A1B1-0FE97662FE8A}.Release|Any CPU.Build.0 = Release|Any CPU
		{2B0FC019-634F-4DED-A3B0-1E67DFC10CBA}.Debug|Any CPU.ActiveCfg = Debug|Any CPU
		{2B0FC019-634F-4DED-A3B0-1E67DFC10CBA}.Debug|Any CPU.Build.0 = Debug|Any CPU
		{2B0FC019-634F-4DED-A3B0-1E67DFC10CBA}.Release|Any CPU.ActiveCfg = Release|Any CPU
		{2B0FC019-634F-4DED-A3B0-1E67DFC10CBA}.Release|Any CPU.Build.0 = Release|Any CPU
		{4B648623-E3CF-4448-824A-B9782F57C95C}.Debug|Any CPU.ActiveCfg = Debug|Any CPU
		{4B648623-E3CF-4448-824A-B9782F57C95C}.Debug|Any CPU.Build.0 = Debug|Any CPU
		{4B648623-E3CF-4448-824A-B9782F57C95C}.Release|Any CPU.ActiveCfg = Release|Any CPU
		{4B648623-E3CF-4448-824A-B9782F57C95C}.Release|Any CPU.Build.0 = Release|Any CPU
		{7A2013BA-BDF4-4F47-A24D-D4D0A0E3B1B5}.Debug|Any CPU.ActiveCfg = Debug|Any CPU
		{7A2013BA-BDF4-4F47-A24D-D4D0A0E3B1B5}.Debug|Any CPU.Build.0 = Debug|Any CPU
		{7A2013BA-BDF4-4F47-A24D-D4D0A0E3B1B5}.Release|Any CPU.ActiveCfg = Release|Any CPU
		{7A2013BA-BDF4-4F47-A24D-D4D0A0E3B1B5}.Release|Any CPU.Build.0 = Release|Any CPU
		{CE63CF2E-D58E-4150-9370-D774681B6557}.Debug|Any CPU.ActiveCfg = Debug|Any CPU
		{CE63CF2E-D58E-4150-9370-D774681B6557}.Debug|Any CPU.Build.0 = Debug|Any CPU
		{CE63CF2E-D58E-4150-9370-D774681B6557}.Release|Any CPU.ActiveCfg = Release|Any CPU
		{CE63CF2E-D58E-4150-9370-D774681B6557}.Release|Any CPU.Build.0 = Release|Any CPU
		{74054B24-5F23-4C22-A200-7DA0188CD0FD}.Debug|Any CPU.ActiveCfg = Debug|Any CPU
		{74054B24-5F23-4C22-A200-7DA0188CD0FD}.Debug|Any CPU.Build.0 = Debug|Any CPU
		{74054B24-5F23-4C22-A200-7DA0188CD0FD}.Release|Any CPU.ActiveCfg = Release|Any CPU
		{74054B24-5F23-4C22-A200-7DA0188CD0FD}.Release|Any CPU.Build.0 = Release|Any CPU
		{E6DF69D2-2747-4175-9DEA-88B2E690A850}.Debug|Any CPU.ActiveCfg = Debug|Any CPU
		{E6DF69D2-2747-4175-9DEA-88B2E690A850}.Debug|Any CPU.Build.0 = Debug|Any CPU
		{E6DF69D2-2747-4175-9DEA-88B2E690A850}.Release|Any CPU.ActiveCfg = Release|Any CPU
		{E6DF69D2-2747-4175-9DEA-88B2E690A850}.Release|Any CPU.Build.0 = Release|Any CPU
		{833A79FD-F7E0-4635-BE9E-25DF8D314542}.Debug|Any CPU.ActiveCfg = Debug|Any CPU
		{833A79FD-F7E0-4635-BE9E-25DF8D314542}.Debug|Any CPU.Build.0 = Debug|Any CPU
		{833A79FD-F7E0-4635-BE9E-25DF8D314542}.Release|Any CPU.ActiveCfg = Release|Any CPU
		{833A79FD-F7E0-4635-BE9E-25DF8D314542}.Release|Any CPU.Build.0 = Release|Any CPU
		{F4FCD97A-BF4A-4673-8C5E-55D1AEB9D702}.Debug|Any CPU.ActiveCfg = Debug|Any CPU
		{F4FCD97A-BF4A-4673-8C5E-55D1AEB9D702}.Debug|Any CPU.Build.0 = Debug|Any CPU
		{F4FCD97A-BF4A-4673-8C5E-55D1AEB9D702}.Release|Any CPU.ActiveCfg = Release|Any CPU
		{F4FCD97A-BF4A-4673-8C5E-55D1AEB9D702}.Release|Any CPU.Build.0 = Release|Any CPU
		{3191F79E-275A-44B4-A18A-9421481FA132}.Debug|Any CPU.ActiveCfg = Debug|Any CPU
		{3191F79E-275A-44B4-A18A-9421481FA132}.Debug|Any CPU.Build.0 = Debug|Any CPU
		{3191F79E-275A-44B4-A18A-9421481FA132}.Release|Any CPU.ActiveCfg = Release|Any CPU
		{3191F79E-275A-44B4-A18A-9421481FA132}.Release|Any CPU.Build.0 = Release|Any CPU
		{BD9353FC-007A-40FC-A916-4B4F7C48C7BD}.Debug|Any CPU.ActiveCfg = Debug|Any CPU
		{BD9353FC-007A-40FC-A916-4B4F7C48C7BD}.Debug|Any CPU.Build.0 = Debug|Any CPU
		{BD9353FC-007A-40FC-A916-4B4F7C48C7BD}.Release|Any CPU.ActiveCfg = Release|Any CPU
		{BD9353FC-007A-40FC-A916-4B4F7C48C7BD}.Release|Any CPU.Build.0 = Release|Any CPU
		{FD374862-38E7-45D6-AA73-1A6ECF6258B5}.Debug|Any CPU.ActiveCfg = Debug|Any CPU
		{FD374862-38E7-45D6-AA73-1A6ECF6258B5}.Debug|Any CPU.Build.0 = Debug|Any CPU
		{FD374862-38E7-45D6-AA73-1A6ECF6258B5}.Release|Any CPU.ActiveCfg = Release|Any CPU
		{FD374862-38E7-45D6-AA73-1A6ECF6258B5}.Release|Any CPU.Build.0 = Release|Any CPU
		{D5CFCE32-21D3-4F9B-8EB7-C34DEBD8362A}.Debug|Any CPU.ActiveCfg = Debug|Any CPU
		{D5CFCE32-21D3-4F9B-8EB7-C34DEBD8362A}.Debug|Any CPU.Build.0 = Debug|Any CPU
		{D5CFCE32-21D3-4F9B-8EB7-C34DEBD8362A}.Release|Any CPU.ActiveCfg = Release|Any CPU
		{D5CFCE32-21D3-4F9B-8EB7-C34DEBD8362A}.Release|Any CPU.Build.0 = Release|Any CPU
		{4BB3840E-6C37-4E76-A181-5001E8EED3D7}.Debug|Any CPU.ActiveCfg = Debug|Any CPU
		{4BB3840E-6C37-4E76-A181-5001E8EED3D7}.Debug|Any CPU.Build.0 = Debug|Any CPU
		{4BB3840E-6C37-4E76-A181-5001E8EED3D7}.Release|Any CPU.ActiveCfg = Release|Any CPU
		{4BB3840E-6C37-4E76-A181-5001E8EED3D7}.Release|Any CPU.Build.0 = Release|Any CPU
		{DD15F70D-1851-4854-B633-4CF2B188EFF1}.Debug|Any CPU.ActiveCfg = Debug|Any CPU
		{DD15F70D-1851-4854-B633-4CF2B188EFF1}.Debug|Any CPU.Build.0 = Debug|Any CPU
		{DD15F70D-1851-4854-B633-4CF2B188EFF1}.Release|Any CPU.ActiveCfg = Release|Any CPU
		{DD15F70D-1851-4854-B633-4CF2B188EFF1}.Release|Any CPU.Build.0 = Release|Any CPU
		{3669072D-5250-42CE-A6C4-D6B35EF09C03}.Debug|Any CPU.ActiveCfg = Debug|Any CPU
		{3669072D-5250-42CE-A6C4-D6B35EF09C03}.Debug|Any CPU.Build.0 = Debug|Any CPU
		{3669072D-5250-42CE-A6C4-D6B35EF09C03}.Release|Any CPU.ActiveCfg = Release|Any CPU
		{3669072D-5250-42CE-A6C4-D6B35EF09C03}.Release|Any CPU.Build.0 = Release|Any CPU
		{32ACE116-9626-4FF2-BCED-546F69384387}.Debug|Any CPU.ActiveCfg = Debug|Any CPU
		{32ACE116-9626-4FF2-BCED-546F69384387}.Debug|Any CPU.Build.0 = Debug|Any CPU
		{32ACE116-9626-4FF2-BCED-546F69384387}.Release|Any CPU.ActiveCfg = Release|Any CPU
		{32ACE116-9626-4FF2-BCED-546F69384387}.Release|Any CPU.Build.0 = Release|Any CPU
		{5B5D0AEF-4A38-4C39-8604-819BB9FFBDDF}.Debug|Any CPU.ActiveCfg = Debug|Any CPU
		{5B5D0AEF-4A38-4C39-8604-819BB9FFBDDF}.Debug|Any CPU.Build.0 = Debug|Any CPU
		{5B5D0AEF-4A38-4C39-8604-819BB9FFBDDF}.Release|Any CPU.ActiveCfg = Release|Any CPU
		{5B5D0AEF-4A38-4C39-8604-819BB9FFBDDF}.Release|Any CPU.Build.0 = Release|Any CPU
		{D46DA891-B982-41B3-974E-E8B068092872}.Debug|Any CPU.ActiveCfg = Debug|Any CPU
		{D46DA891-B982-41B3-974E-E8B068092872}.Debug|Any CPU.Build.0 = Debug|Any CPU
		{D46DA891-B982-41B3-974E-E8B068092872}.Release|Any CPU.ActiveCfg = Release|Any CPU
		{D46DA891-B982-41B3-974E-E8B068092872}.Release|Any CPU.Build.0 = Release|Any CPU
	EndGlobalSection
	GlobalSection(SolutionProperties) = preSolution
		HideSolutionNode = FALSE
	EndGlobalSection
	GlobalSection(NestedProjects) = preSolution
		{8C954442-C868-4C3D-82D9-6B87437BDE7C} = {E190D7FA-4B54-44EC-8E3B-E945711F1D23}
		{9234BAB1-6058-4E0B-89A8-CAEC64911A3B} = {4C38D2E3-A457-47D0-A9F4-B15FCEA04A66}
		{570A6AE0-A3E8-4A4A-A164-45A37167B5B2} = {7101434B-F051-40AB-93EC-B7795C1DD1AB}
		{B8016B52-A687-4177-A1F6-CDD243EE1DF6} = {7101434B-F051-40AB-93EC-B7795C1DD1AB}
		{3376E7FA-7C5E-484A-8532-E11306F85855} = {E190D7FA-4B54-44EC-8E3B-E945711F1D23}
		{D550EE12-1DBB-4686-A1B1-0FE97662FE8A} = {4C38D2E3-A457-47D0-A9F4-B15FCEA04A66}
		{E190D7FA-4B54-44EC-8E3B-E945711F1D23} = {4C38D2E3-A457-47D0-A9F4-B15FCEA04A66}
		{2B0FC019-634F-4DED-A3B0-1E67DFC10CBA} = {E190D7FA-4B54-44EC-8E3B-E945711F1D23}
		{4B648623-E3CF-4448-824A-B9782F57C95C} = {4C38D2E3-A457-47D0-A9F4-B15FCEA04A66}
		{7A2013BA-BDF4-4F47-A24D-D4D0A0E3B1B5} = {7101434B-F051-40AB-93EC-B7795C1DD1AB}
		{CE63CF2E-D58E-4150-9370-D774681B6557} = {E190D7FA-4B54-44EC-8E3B-E945711F1D23}
		{74054B24-5F23-4C22-A200-7DA0188CD0FD} = {7101434B-F051-40AB-93EC-B7795C1DD1AB}
		{14B5441B-4C7D-431A-AAD6-7A612B1FEC09} = {4C38D2E3-A457-47D0-A9F4-B15FCEA04A66}
		{E6DF69D2-2747-4175-9DEA-88B2E690A850} = {14B5441B-4C7D-431A-AAD6-7A612B1FEC09}
		{732B52B4-E9AA-4CC7-8B74-20B456495230} = {7101434B-F051-40AB-93EC-B7795C1DD1AB}
		{833A79FD-F7E0-4635-BE9E-25DF8D314542} = {732B52B4-E9AA-4CC7-8B74-20B456495230}
		{F4FCD97A-BF4A-4673-8C5E-55D1AEB9D702} = {E190D7FA-4B54-44EC-8E3B-E945711F1D23}
		{3191F79E-275A-44B4-A18A-9421481FA132} = {E190D7FA-4B54-44EC-8E3B-E945711F1D23}
		{DF7E2C8B-B67A-4744-9F58-3012254484F3} = {E190D7FA-4B54-44EC-8E3B-E945711F1D23}
		{BD9353FC-007A-40FC-A916-4B4F7C48C7BD} = {DF7E2C8B-B67A-4744-9F58-3012254484F3}
		{BEAA8326-3B1D-441A-A679-C7B39C634DA1} = {7101434B-F051-40AB-93EC-B7795C1DD1AB}
		{FD374862-38E7-45D6-AA73-1A6ECF6258B5} = {BEAA8326-3B1D-441A-A679-C7B39C634DA1}
		{D5CFCE32-21D3-4F9B-8EB7-C34DEBD8362A} = {7101434B-F051-40AB-93EC-B7795C1DD1AB}
		{4BB3840E-6C37-4E76-A181-5001E8EED3D7} = {14B5441B-4C7D-431A-AAD6-7A612B1FEC09}
		{DD15F70D-1851-4854-B633-4CF2B188EFF1} = {BEAA8326-3B1D-441A-A679-C7B39C634DA1}
		{3669072D-5250-42CE-A6C4-D6B35EF09C03} = {7101434B-F051-40AB-93EC-B7795C1DD1AB}
		{32ACE116-9626-4FF2-BCED-546F69384387} = {45B9A13E-9825-4ADF-BA3A-D0CC4A8D7AFD}
		{45B9A13E-9825-4ADF-BA3A-D0CC4A8D7AFD} = {7101434B-F051-40AB-93EC-B7795C1DD1AB}
		{A92B664C-2989-4ADD-8FA5-B48843807AF5} = {4C38D2E3-A457-47D0-A9F4-B15FCEA04A66}
		{5B5D0AEF-4A38-4C39-8604-819BB9FFBDDF} = {A92B664C-2989-4ADD-8FA5-B48843807AF5}
		{D46DA891-B982-41B3-974E-E8B068092872} = {A92B664C-2989-4ADD-8FA5-B48843807AF5}
	EndGlobalSection
	GlobalSection(ExtensibilityGlobals) = postSolution
		SolutionGuid = {90D5BED4-959C-4DEB-826E-B1721B7A497E}
	EndGlobalSection
EndGlobal
